
Microsoft Visual Studio Solution File, Format Version 12.00
# Visual Studio 15
VisualStudioVersion = 15.0.27428.2037
MinimumVisualStudioVersion = 10.0.40219.1
Project("{FAE04EC0-301F-11D3-BF4B-00C04F79EFBC}") = "JavaScriptSnakeGame", "JavaScriptSnakeGame\JavaScriptSnakeGame.csproj", "{73D80234-DAB0-4252-93D3-AA3E71EFF0D3}"
EndProject
Global
	GlobalSection(SolutionConfigurationPlatforms) = preSolution
		Debug|Any CPU = Debug|Any CPU
		Release|Any CPU = Release|Any CPU
	EndGlobalSection
	GlobalSection(ProjectConfigurationPlatforms) = postSolution
		{73D80234-DAB0-4252-93D3-AA3E71EFF0D3}.Debug|Any CPU.ActiveCfg = Debug|Any CPU
		{73D80234-DAB0-4252-93D3-AA3E71EFF0D3}.Debug|Any CPU.Build.0 = Debug|Any CPU
		{73D80234-DAB0-4252-93D3-AA3E71EFF0D3}.Release|Any CPU.ActiveCfg = Release|Any CPU
		{73D80234-DAB0-4252-93D3-AA3E71EFF0D3}.Release|Any CPU.Build.0 = Release|Any CPU
	EndGlobalSection
	GlobalSection(SolutionProperties) = preSolution
		HideSolutionNode = FALSE
	EndGlobalSection
	GlobalSection(ExtensibilityGlobals) = postSolution
		SolutionGuid = {FDFA10A2-EF25-4785-946E-F549F10A7121}
	EndGlobalSection
EndGlobal
